
Microsoft Visual Studio Solution File, Format Version 12.00
# Visual Studio Version 17
VisualStudioVersion = 17.14.36221.1 d17.14
MinimumVisualStudioVersion = 10.0.40219.1
Project("{FAE04EC0-301F-11D3-BF4B-00C04F79EFBC}") = "WinFormsApp1", "WinFormsApp1\WinFormsApp1.csproj", "{FE5CEBDC-CC77-43B5-9E08-ABED1259C87B}"
EndProject
Global
	GlobalSection(SolutionConfigurationPlatforms) = preSolution
		Debug|Any CPU = Debug|Any CPU
		Release|Any CPU = Release|Any CPU
	EndGlobalSection
	GlobalSection(ProjectConfigurationPlatforms) = postSolution
		{FE5CEBDC-CC77-43B5-9E08-ABED1259C87B}.Debug|Any CPU.ActiveCfg = Debug|Any CPU
		{FE5CEBDC-CC77-43B5-9E08-ABED1259C87B}.Debug|Any CPU.Build.0 = Debug|Any CPU
		{FE5CEBDC-CC77-43B5-9E08-ABED1259C87B}.Release|Any CPU.ActiveCfg = Release|Any CPU
		{FE5CEBDC-CC77-43B5-9E08-ABED1259C87B}.Release|Any CPU.Build.0 = Release|Any CPU
	EndGlobalSection
	GlobalSection(SolutionProperties) = preSolution
		HideSolutionNode = FALSE
	EndGlobalSection
	GlobalSection(ExtensibilityGlobals) = postSolution
		SolutionGuid = {54057BF5-1E83-4D0B-AD82-D5F8D3ACDDE4}
	EndGlobalSection
EndGlobal
